
Microsoft Visual Studio Solution File, Format Version 12.00
# Visual Studio 15
VisualStudioVersion = 15.0.28010.2016
MinimumVisualStudioVersion = 10.0.40219.1
Project("{FAE04EC0-301F-11D3-BF4B-00C04F79EFBC}") = "A3IanMartin", "A3IanMartin\A3IanMartin.csproj", "{D05137A8-BABA-4407-A35A-1E9A5A8AFED1}"
EndProject
Global
	GlobalSection(SolutionConfigurationPlatforms) = preSolution
		Debug|Any CPU = Debug|Any CPU
		Release|Any CPU = Release|Any CPU
	EndGlobalSection
	GlobalSection(ProjectConfigurationPlatforms) = postSolution
		{D05137A8-BABA-4407-A35A-1E9A5A8AFED1}.Debug|Any CPU.ActiveCfg = Debug|Any CPU
		{D05137A8-BABA-4407-A35A-1E9A5A8AFED1}.Debug|Any CPU.Build.0 = Debug|Any CPU
		{D05137A8-BABA-4407-A35A-1E9A5A8AFED1}.Release|Any CPU.ActiveCfg = Release|Any CPU
		{D05137A8-BABA-4407-A35A-1E9A5A8AFED1}.Release|Any CPU.Build.0 = Release|Any CPU
	EndGlobalSection
	GlobalSection(SolutionProperties) = preSolution
		HideSolutionNode = FALSE
	EndGlobalSection
	GlobalSection(ExtensibilityGlobals) = postSolution
		SolutionGuid = {F4EFC1FE-A080-4450-A970-B1893E2780A2}
	EndGlobalSection
EndGlobal
